
Microsoft Visual Studio Solution File, Format Version 12.00
# Visual Studio Version 17
VisualStudioVersion = 17.0.31903.59
MinimumVisualStudioVersion = 10.0.40219.1
Project("{9A19103F-16F7-4668-BE54-9A1E7A4F7556}") = "Web", "Web\Web.csproj", "{9094FFBD-766F-4882-866F-82B44606C5E8}"
	ProjectSection(ProjectDependencies) = postProject
		{5F211674-1BD0-4967-B635-51FD3E1C3784} = {5F211674-1BD0-4967-B635-51FD3E1C3784}
		{6D5AD469-6201-403A-A96F-3FCDA06E4079} = {6D5AD469-6201-403A-A96F-3FCDA06E4079}
		{713AB2FA-1003-4AF4-91E5-AEE5CCC42D98} = {713AB2FA-1003-4AF4-91E5-AEE5CCC42D98}
	EndProjectSection
EndProject
Project("{9A19103F-16F7-4668-BE54-9A1E7A4F7556}") = "Domain", "Domain\Domain.csproj", "{6D5AD469-6201-403A-A96F-3FCDA06E4079}"
EndProject
Project("{9A19103F-16F7-4668-BE54-9A1E7A4F7556}") = "Infra", "Infra\Infra.csproj", "{713AB2FA-1003-4AF4-91E5-AEE5CCC42D98}"
EndProject
Project("{9A19103F-16F7-4668-BE54-9A1E7A4F7556}") = "Shared", "Shared\Shared.csproj", "{5F211674-1BD0-4967-B635-51FD3E1C3784}"
EndProject
Project("{9A19103F-16F7-4668-BE54-9A1E7A4F7556}") = "Tests", "Tests\Tests.csproj", "{63617B7C-571A-40EF-947F-1EB126A909D2}"
EndProject
Global
	GlobalSection(SolutionConfigurationPlatforms) = preSolution
		Debug|Any CPU = Debug|Any CPU
		Release|Any CPU = Release|Any CPU
	EndGlobalSection
	GlobalSection(ProjectConfigurationPlatforms) = postSolution
		{9094FFBD-766F-4882-866F-82B44606C5E8}.Debug|Any CPU.ActiveCfg = Debug|Any CPU
		{9094FFBD-766F-4882-866F-82B44606C5E8}.Debug|Any CPU.Build.0 = Debug|Any CPU
		{9094FFBD-766F-4882-866F-82B44606C5E8}.Release|Any CPU.ActiveCfg = Release|Any CPU
		{9094FFBD-766F-4882-866F-82B44606C5E8}.Release|Any CPU.Build.0 = Release|Any CPU
		{6D5AD469-6201-403A-A96F-3FCDA06E4079}.Debug|Any CPU.ActiveCfg = Debug|Any CPU
		{6D5AD469-6201-403A-A96F-3FCDA06E4079}.Debug|Any CPU.Build.0 = Debug|Any CPU
		{6D5AD469-6201-403A-A96F-3FCDA06E4079}.Release|Any CPU.ActiveCfg = Release|Any CPU
		{6D5AD469-6201-403A-A96F-3FCDA06E4079}.Release|Any CPU.Build.0 = Release|Any CPU
		{713AB2FA-1003-4AF4-91E5-AEE5CCC42D98}.Debug|Any CPU.ActiveCfg = Debug|Any CPU
		{713AB2FA-1003-4AF4-91E5-AEE5CCC42D98}.Debug|Any CPU.Build.0 = Debug|Any CPU
		{713AB2FA-1003-4AF4-91E5-AEE5CCC42D98}.Release|Any CPU.ActiveCfg = Release|Any CPU
		{713AB2FA-1003-4AF4-91E5-AEE5CCC42D98}.Release|Any CPU.Build.0 = Release|Any CPU
		{5F211674-1BD0-4967-B635-51FD3E1C3784}.Debug|Any CPU.ActiveCfg = Debug|Any CPU
		{5F211674-1BD0-4967-B635-51FD3E1C3784}.Debug|Any CPU.Build.0 = Debug|Any CPU
		{5F211674-1BD0-4967-B635-51FD3E1C3784}.Release|Any CPU.ActiveCfg = Release|Any CPU
		{5F211674-1BD0-4967-B635-51FD3E1C3784}.Release|Any CPU.Build.0 = Release|Any CPU
		{63617B7C-571A-40EF-947F-1EB126A909D2}.Debug|Any CPU.ActiveCfg = Debug|Any CPU
		{63617B7C-571A-40EF-947F-1EB126A909D2}.Debug|Any CPU.Build.0 = Debug|Any CPU
		{63617B7C-571A-40EF-947F-1EB126A909D2}.Release|Any CPU.ActiveCfg = Release|Any CPU
		{63617B7C-571A-40EF-947F-1EB126A909D2}.Release|Any CPU.Build.0 = Release|Any CPU
	EndGlobalSection
	GlobalSection(SolutionProperties) = preSolution
		HideSolutionNode = FALSE
	EndGlobalSection
	GlobalSection(ExtensibilityGlobals) = postSolution
		SolutionGuid = {DC384509-1197-4BED-8DE3-2C0256F0F39A}
	EndGlobalSection
EndGlobal
